
Microsoft Visual Studio Solution File, Format Version 12.00
# Visual Studio 15
VisualStudioVersion = 15.0.27130.2010
MinimumVisualStudioVersion = 10.0.40219.1
Project("{888888A0-9F3D-457C-B088-3A5042F75D52}") = "shrec", "shrec.pyproj", "{9AB1302A-7D58-4ED2-A4C9-E7E1AF175D10}"
EndProject
Global
	GlobalSection(SolutionConfigurationPlatforms) = preSolution
		Debug|Any CPU = Debug|Any CPU
		Release|Any CPU = Release|Any CPU
	EndGlobalSection
	GlobalSection(ProjectConfigurationPlatforms) = postSolution
		{9AB1302A-7D58-4ED2-A4C9-E7E1AF175D10}.Debug|Any CPU.ActiveCfg = Debug|Any CPU
		{9AB1302A-7D58-4ED2-A4C9-E7E1AF175D10}.Release|Any CPU.ActiveCfg = Release|Any CPU
	EndGlobalSection
	GlobalSection(SolutionProperties) = preSolution
		HideSolutionNode = FALSE
	EndGlobalSection
	GlobalSection(ExtensibilityGlobals) = postSolution
		SolutionGuid = {EFA30901-48A5-43D4-8AB7-5511DA5EE809}
	EndGlobalSection
EndGlobal
